
Microsoft Visual Studio Solution File, Format Version 12.00
# Visual Studio Version 17
VisualStudioVersion = 17.11.35327.3
MinimumVisualStudioVersion = 10.0.40219.1
Project("{FAE04EC0-301F-11D3-BF4B-00C04F79EFBC}") = "Hesap Makinesi", "Hesap Makinesi\Hesap Makinesi.csproj", "{223CDF12-8723-4C30-A858-C768E4A34D58}"
EndProject
Global
	GlobalSection(SolutionConfigurationPlatforms) = preSolution
		Debug|Any CPU = Debug|Any CPU
		Release|Any CPU = Release|Any CPU
	EndGlobalSection
	GlobalSection(ProjectConfigurationPlatforms) = postSolution
		{223CDF12-8723-4C30-A858-C768E4A34D58}.Debug|Any CPU.ActiveCfg = Debug|Any CPU
		{223CDF12-8723-4C30-A858-C768E4A34D58}.Debug|Any CPU.Build.0 = Debug|Any CPU
		{223CDF12-8723-4C30-A858-C768E4A34D58}.Release|Any CPU.ActiveCfg = Release|Any CPU
		{223CDF12-8723-4C30-A858-C768E4A34D58}.Release|Any CPU.Build.0 = Release|Any CPU
	EndGlobalSection
	GlobalSection(SolutionProperties) = preSolution
		HideSolutionNode = FALSE
	EndGlobalSection
	GlobalSection(ExtensibilityGlobals) = postSolution
		SolutionGuid = {DDE042ED-0084-420F-A7F8-399132A85317}
	EndGlobalSection
EndGlobal
